
Microsoft Visual Studio Solution File, Format Version 12.00
# Visual Studio Version 16
VisualStudioVersion = 16.0.30621.155
MinimumVisualStudioVersion = 10.0.40219.1
Project("{9A19103F-16F7-4668-BE54-9A1E7A4F7556}") = "Estrol.X3Jam.Server", "Estrol.X3Jam.Server\Estrol.X3Jam.Server.csproj", "{EB922894-3457-4ECD-A11F-DB9C90048FD0}"
EndProject
Project("{2150E333-8FDC-42A3-9474-1A3956D46DE8}") = "Solution Items", "Solution Items", "{94E302A1-5A54-4923-A097-C684CE86A29C}"
	ProjectSection(SolutionItems) = preProject
		.editorconfig = .editorconfig
		LICENSE.txt = LICENSE.txt
		README.md = README.md
	EndProjectSection
EndProject
Project("{9A19103F-16F7-4668-BE54-9A1E7A4F7556}") = "Estrol.X3Jam.Website", "Estrol.X3Jam.Website\Estrol.X3Jam.Website.csproj", "{33C63B74-12ED-4A4A-A851-CB54B35B95B4}"
EndProject
Project("{9A19103F-16F7-4668-BE54-9A1E7A4F7556}") = "Estrol.X3Jam.Utility", "Estrol.X3Jam.Utility\Estrol.X3Jam.Utility.csproj", "{0941E4F2-4273-47FF-B746-AEEB150601DE}"
EndProject
Project("{9A19103F-16F7-4668-BE54-9A1E7A4F7556}") = "Estrol.X3Jam.Console", "Estrol.X3Jam.Console\Estrol.X3Jam.Console.csproj", "{7BA17CF9-F145-4ADF-B5DA-8F71B8E9C967}"
EndProject
Project("{9A19103F-16F7-4668-BE54-9A1E7A4F7556}") = "Estrol.X3Jam.Launcher", "Estrol.X3Jam.Launcher\Estrol.X3Jam.Launcher.csproj", "{4FD38057-42C3-442D-AD71-5B95474E97C8}"
EndProject
Global
	GlobalSection(SolutionConfigurationPlatforms) = preSolution
		Debug|Any CPU = Debug|Any CPU
		Debug|x64 = Debug|x64
		Debug|x86 = Debug|x86
		Release|Any CPU = Release|Any CPU
		Release|x64 = Release|x64
		Release|x86 = Release|x86
	EndGlobalSection
	GlobalSection(ProjectConfigurationPlatforms) = postSolution
		{EB922894-3457-4ECD-A11F-DB9C90048FD0}.Debug|Any CPU.ActiveCfg = Debug|Any CPU
		{EB922894-3457-4ECD-A11F-DB9C90048FD0}.Debug|Any CPU.Build.0 = Debug|Any CPU
		{EB922894-3457-4ECD-A11F-DB9C90048FD0}.Debug|x64.ActiveCfg = Debug|x64
		{EB922894-3457-4ECD-A11F-DB9C90048FD0}.Debug|x64.Build.0 = Debug|x64
		{EB922894-3457-4ECD-A11F-DB9C90048FD0}.Debug|x86.ActiveCfg = Debug|Any CPU
		{EB922894-3457-4ECD-A11F-DB9C90048FD0}.Debug|x86.Build.0 = Debug|Any CPU
		{EB922894-3457-4ECD-A11F-DB9C90048FD0}.Release|Any CPU.ActiveCfg = Release|Any CPU
		{EB922894-3457-4ECD-A11F-DB9C90048FD0}.Release|Any CPU.Build.0 = Release|Any CPU
		{EB922894-3457-4ECD-A11F-DB9C90048FD0}.Release|x64.ActiveCfg = Release|x64
		{EB922894-3457-4ECD-A11F-DB9C90048FD0}.Release|x64.Build.0 = Release|x64
		{EB922894-3457-4ECD-A11F-DB9C90048FD0}.Release|x86.ActiveCfg = Release|Any CPU
		{EB922894-3457-4ECD-A11F-DB9C90048FD0}.Release|x86.Build.0 = Release|Any CPU
		{33C63B74-12ED-4A4A-A851-CB54B35B95B4}.Debug|Any CPU.ActiveCfg = Debug|Any CPU
		{33C63B74-12ED-4A4A-A851-CB54B35B95B4}.Debug|Any CPU.Build.0 = Debug|Any CPU
		{33C63B74-12ED-4A4A-A851-CB54B35B95B4}.Debug|x64.ActiveCfg = Debug|x64
		{33C63B74-12ED-4A4A-A851-CB54B35B95B4}.Debug|x64.Build.0 = Debug|x64
		{33C63B74-12ED-4A4A-A851-CB54B35B95B4}.Debug|x86.ActiveCfg = Debug|Any CPU
		{33C63B74-12ED-4A4A-A851-CB54B35B95B4}.Debug|x86.Build.0 = Debug|Any CPU
		{33C63B74-12ED-4A4A-A851-CB54B35B95B4}.Release|Any CPU.ActiveCfg = Release|Any CPU
		{33C63B74-12ED-4A4A-A851-CB54B35B95B4}.Release|Any CPU.Build.0 = Release|Any CPU
		{33C63B74-12ED-4A4A-A851-CB54B35B95B4}.Release|x64.ActiveCfg = Release|x64
		{33C63B74-12ED-4A4A-A851-CB54B35B95B4}.Release|x64.Build.0 = Release|x64
		{33C63B74-12ED-4A4A-A851-CB54B35B95B4}.Release|x86.ActiveCfg = Release|Any CPU
		{33C63B74-12ED-4A4A-A851-CB54B35B95B4}.Release|x86.Build.0 = Release|Any CPU
		{0941E4F2-4273-47FF-B746-AEEB150601DE}.Debug|Any CPU.ActiveCfg = Debug|Any CPU
		{0941E4F2-4273-47FF-B746-AEEB150601DE}.Debug|Any CPU.Build.0 = Debug|Any CPU
		{0941E4F2-4273-47FF-B746-AEEB150601DE}.Debug|x64.ActiveCfg = Debug|x64
		{0941E4F2-4273-47FF-B746-AEEB150601DE}.Debug|x64.Build.0 = Debug|x64
		{0941E4F2-4273-47FF-B746-AEEB150601DE}.Debug|x86.ActiveCfg = Debug|Any CPU
		{0941E4F2-4273-47FF-B746-AEEB150601DE}.Debug|x86.Build.0 = Debug|Any CPU
		{0941E4F2-4273-47FF-B746-AEEB150601DE}.Release|Any CPU.ActiveCfg = Release|Any CPU
		{0941E4F2-4273-47FF-B746-AEEB150601DE}.Release|Any CPU.Build.0 = Release|Any CPU
		{0941E4F2-4273-47FF-B746-AEEB150601DE}.Release|x64.ActiveCfg = Release|x64
		{0941E4F2-4273-47FF-B746-AEEB150601DE}.Release|x64.Build.0 = Release|x64
		{0941E4F2-4273-47FF-B746-AEEB150601DE}.Release|x86.ActiveCfg = Release|Any CPU
		{0941E4F2-4273-47FF-B746-AEEB150601DE}.Release|x86.Build.0 = Release|Any CPU
		{7BA17CF9-F145-4ADF-B5DA-8F71B8E9C967}.Debug|Any CPU.ActiveCfg = Debug|Any CPU
		{7BA17CF9-F145-4ADF-B5DA-8F71B8E9C967}.Debug|Any CPU.Build.0 = Debug|Any CPU
		{7BA17CF9-F145-4ADF-B5DA-8F71B8E9C967}.Debug|x64.ActiveCfg = Debug|x64
		{7BA17CF9-F145-4ADF-B5DA-8F71B8E9C967}.Debug|x64.Build.0 = Debug|x64
		{7BA17CF9-F145-4ADF-B5DA-8F71B8E9C967}.Debug|x86.ActiveCfg = Debug|Any CPU
		{7BA17CF9-F145-4ADF-B5DA-8F71B8E9C967}.Debug|x86.Build.0 = Debug|Any CPU
		{7BA17CF9-F145-4ADF-B5DA-8F71B8E9C967}.Release|Any CPU.ActiveCfg = Release|Any CPU
		{7BA17CF9-F145-4ADF-B5DA-8F71B8E9C967}.Release|Any CPU.Build.0 = Release|Any CPU
		{7BA17CF9-F145-4ADF-B5DA-8F71B8E9C967}.Release|x64.ActiveCfg = Release|x64
		{7BA17CF9-F145-4ADF-B5DA-8F71B8E9C967}.Release|x64.Build.0 = Release|x64
		{7BA17CF9-F145-4ADF-B5DA-8F71B8E9C967}.Release|x86.ActiveCfg = Release|Any CPU
		{7BA17CF9-F145-4ADF-B5DA-8F71B8E9C967}.Release|x86.Build.0 = Release|Any CPU
		{4FD38057-42C3-442D-AD71-5B95474E97C8}.Debug|Any CPU.ActiveCfg = Debug|Any CPU
		{4FD38057-42C3-442D-AD71-5B95474E97C8}.Debug|Any CPU.Build.0 = Debug|Any CPU
		{4FD38057-42C3-442D-AD71-5B95474E97C8}.Debug|x64.ActiveCfg = Debug|Any CPU
		{4FD38057-42C3-442D-AD71-5B95474E97C8}.Debug|x64.Build.0 = Debug|Any CPU
		{4FD38057-42C3-442D-AD71-5B95474E97C8}.Debug|x86.ActiveCfg = Debug|Any CPU
		{4FD38057-42C3-442D-AD71-5B95474E97C8}.Debug|x86.Build.0 = Debug|Any CPU
		{4FD38057-42C3-442D-AD71-5B95474E97C8}.Release|Any CPU.ActiveCfg = Release|Any CPU
		{4FD38057-42C3-442D-AD71-5B95474E97C8}.Release|Any CPU.Build.0 = Release|Any CPU
		{4FD38057-42C3-442D-AD71-5B95474E97C8}.Release|x64.ActiveCfg = Release|x64
		{4FD38057-42C3-442D-AD71-5B95474E97C8}.Release|x64.Build.0 = Release|x64
		{4FD38057-42C3-442D-AD71-5B95474E97C8}.Release|x86.ActiveCfg = Release|Any CPU
		{4FD38057-42C3-442D-AD71-5B95474E97C8}.Release|x86.Build.0 = Release|Any CPU
	EndGlobalSection
	GlobalSection(SolutionProperties) = preSolution
		HideSolutionNode = FALSE
	EndGlobalSection
	GlobalSection(ExtensibilityGlobals) = postSolution
		SolutionGuid = {3F25147B-0EA7-4DA0-B1D1-217731AA0C56}
	EndGlobalSection
EndGlobal
